
Microsoft Visual Studio Solution File, Format Version 12.00
# Visual Studio Version 17
VisualStudioVersion = 17.4.33110.190
MinimumVisualStudioVersion = 10.0.40219.1
Project("{FAE04EC0-301F-11D3-BF4B-00C04F79EFBC}") = "ProgrameerTool_Yaman", "ProgrameerTool_Yaman\ProgrameerTool_Yaman.csproj", "{1A4F3443-3E31-4C9C-9575-DD17494F5F56}"
EndProject
Global
	GlobalSection(SolutionConfigurationPlatforms) = preSolution
		Debug|Any CPU = Debug|Any CPU
		Release|Any CPU = Release|Any CPU
	EndGlobalSection
	GlobalSection(ProjectConfigurationPlatforms) = postSolution
		{1A4F3443-3E31-4C9C-9575-DD17494F5F56}.Debug|Any CPU.ActiveCfg = Debug|Any CPU
		{1A4F3443-3E31-4C9C-9575-DD17494F5F56}.Debug|Any CPU.Build.0 = Debug|Any CPU
		{1A4F3443-3E31-4C9C-9575-DD17494F5F56}.Release|Any CPU.ActiveCfg = Release|Any CPU
		{1A4F3443-3E31-4C9C-9575-DD17494F5F56}.Release|Any CPU.Build.0 = Release|Any CPU
	EndGlobalSection
	GlobalSection(SolutionProperties) = preSolution
		HideSolutionNode = FALSE
	EndGlobalSection
	GlobalSection(ExtensibilityGlobals) = postSolution
		SolutionGuid = {4D83E895-A4CC-42FB-A5B1-C55AACC82E67}
	EndGlobalSection
EndGlobal
